// !$*UTF8*$!
{
	archiveVersion = 1;
	classes = {
	};
	objectVersion = 46;
	objects = {

/* Begin PBXBuildFile section */
		824D1A2517D4C8E900E6A1B3 /* NSScanner+WhittleAdditions.m in Sources */ = {isa = PBXBuildFile; fileRef = 824D1A2417D4C8E900E6A1B3 /* NSScanner+WhittleAdditions.m */; };
		82588E3517B3AEF100FA744F /* WHIFunction.m in Sources */ = {isa = PBXBuildFile; fileRef = 82588E3417B3AEF100FA744F /* WHIFunction.m */; };
		826D35B717AF9F9F00F74FE7 /* WHIEdgeSet.m in Sources */ = {isa = PBXBuildFile; fileRef = 826D35B617AF9F9F00F74FE7 /* WHIEdgeSet.m */; };
		8292CD9517AC0C7E00B0B678 /* WHIInvocation.m in Sources */ = {isa = PBXBuildFile; fileRef = 8292CD9417AC0C7E00B0B678 /* WHIInvocation.m */; };
		82932F1117A26EAE009AC871 /* UIKit.framework in Frameworks */ = {isa = PBXBuildFile; fileRef = 82932F1017A26EAE009AC871 /* UIKit.framework */; };
		82932F1317A26EAE009AC871 /* Foundation.framework in Frameworks */ = {isa = PBXBuildFile; fileRef = 82932F1217A26EAE009AC871 /* Foundation.framework */; };
		82932F1517A26EAE009AC871 /* CoreGraphics.framework in Frameworks */ = {isa = PBXBuildFile; fileRef = 82932F1417A26EAE009AC871 /* CoreGraphics.framework */; };
		82932F1B17A26EAE009AC871 /* InfoPlist.strings in Resources */ = {isa = PBXBuildFile; fileRef = 82932F1917A26EAE009AC871 /* InfoPlist.strings */; };
		82932F1D17A26EAE009AC871 /* main.m in Sources */ = {isa = PBXBuildFile; fileRef = 82932F1C17A26EAE009AC871 /* main.m */; };
		82932F2117A26EAE009AC871 /* BENAppDelegate.m in Sources */ = {isa = PBXBuildFile; fileRef = 82932F2017A26EAE009AC871 /* BENAppDelegate.m */; };
		82932F2317A26EAE009AC871 /* Default.png in Resources */ = {isa = PBXBuildFile; fileRef = 82932F2217A26EAE009AC871 /* Default.png */; };
		82932F2517A26EAE009AC871 /* Default@2x.png in Resources */ = {isa = PBXBuildFile; fileRef = 82932F2417A26EAE009AC871 /* Default@2x.png */; };
		82932F2717A26EAE009AC871 /* Default-568h@2x.png in Resources */ = {isa = PBXBuildFile; fileRef = 82932F2617A26EAE009AC871 /* Default-568h@2x.png */; };
		82932F2A17A26EAE009AC871 /* BENViewController.m in Sources */ = {isa = PBXBuildFile; fileRef = 82932F2917A26EAE009AC871 /* BENViewController.m */; };
		82932F2D17A26EAE009AC871 /* BENViewController.xib in Resources */ = {isa = PBXBuildFile; fileRef = 82932F2B17A26EAE009AC871 /* BENViewController.xib */; };
		829787D317C0D47100AF9B4A /* WHIEdge.m in Sources */ = {isa = PBXBuildFile; fileRef = 829787D217C0D47100AF9B4A /* WHIEdge.m */; };
		829787D617C0DA1400AF9B4A /* WHIWhittle.m in Sources */ = {isa = PBXBuildFile; fileRef = 829787D517C0DA1400AF9B4A /* WHIWhittle.m */; };
		8297E606195DC4500044D489 /* XCTest.framework in Frameworks */ = {isa = PBXBuildFile; fileRef = 8297E605195DC4500044D489 /* XCTest.framework */; };
		8297E607195DC4500044D489 /* Foundation.framework in Frameworks */ = {isa = PBXBuildFile; fileRef = 82932F1217A26EAE009AC871 /* Foundation.framework */; };
		8297E608195DC4500044D489 /* UIKit.framework in Frameworks */ = {isa = PBXBuildFile; fileRef = 82932F1017A26EAE009AC871 /* UIKit.framework */; };
		8297E60E195DC4500044D489 /* InfoPlist.strings in Resources */ = {isa = PBXBuildFile; fileRef = 8297E60C195DC4500044D489 /* InfoPlist.strings */; };
		8297E617195DC47C0044D489 /* ParsingTests.m in Sources */ = {isa = PBXBuildFile; fileRef = 82C193E61815467A00A62CB5 /* ParsingTests.m */; };
		8297E618195DC47C0044D489 /* PathOperationTests.m in Sources */ = {isa = PBXBuildFile; fileRef = 82932F4117A26EAE009AC871 /* PathOperationTests.m */; };
		82C8D8C9195DBF0900BF9C1F /* test.json in Resources */ = {isa = PBXBuildFile; fileRef = 82C8D8C7195DBCD700BF9C1F /* test.json */; };
/* End PBXBuildFile section */

/* Begin PBXContainerItemProxy section */
		8297E612195DC4500044D489 /* PBXContainerItemProxy */ = {
			isa = PBXContainerItemProxy;
			containerPortal = 82932F0517A26EAE009AC871 /* Project object */;
			proxyType = 1;
			remoteGlobalIDString = 82932F0C17A26EAE009AC871;
			remoteInfo = Whittle;
		};
/* End PBXContainerItemProxy section */

/* Begin PBXFileReference section */
		82418AB217D6401100404E68 /* WHTCollection.h */ = {isa = PBXFileReference; fileEncoding = 4; lastKnownFileType = sourcecode.c.h; path = WHTCollection.h; sourceTree = "<group>"; };
		82418AB317D6401100404E68 /* WHTCollection.m */ = {isa = PBXFileReference; fileEncoding = 4; lastKnownFileType = sourcecode.c.objc; path = WHTCollection.m; sourceTree = "<group>"; };
		82418AB517D6401100404E68 /* WHTElement.h */ = {isa = PBXFileReference; fileEncoding = 4; lastKnownFileType = sourcecode.c.h; path = WHTElement.h; sourceTree = "<group>"; };
		82418AB617D6401100404E68 /* WHTElement.m */ = {isa = PBXFileReference; fileEncoding = 4; lastKnownFileType = sourcecode.c.objc; path = WHTElement.m; sourceTree = "<group>"; };
		824D1A2317D4C8E900E6A1B3 /* NSScanner+WhittleAdditions.h */ = {isa = PBXFileReference; fileEncoding = 4; lastKnownFileType = sourcecode.c.h; path = "NSScanner+WhittleAdditions.h"; sourceTree = "<group>"; };
		824D1A2417D4C8E900E6A1B3 /* NSScanner+WhittleAdditions.m */ = {isa = PBXFileReference; fileEncoding = 4; lastKnownFileType = sourcecode.c.objc; path = "NSScanner+WhittleAdditions.m"; sourceTree = "<group>"; };
		8250899717C20D5100A2FF14 /* testModel.xcdatamodel */ = {isa = PBXFileReference; lastKnownFileType = wrapper.xcdatamodel; path = testModel.xcdatamodel; sourceTree = "<group>"; };
		8250899917C20E0500A2FF14 /* WHITestModel.h */ = {isa = PBXFileReference; fileEncoding = 4; lastKnownFileType = sourcecode.c.h; path = WHITestModel.h; sourceTree = "<group>"; };
		8250899A17C20E0500A2FF14 /* WHITestModel.m */ = {isa = PBXFileReference; fileEncoding = 4; lastKnownFileType = sourcecode.c.objc; path = WHITestModel.m; sourceTree = "<group>"; };
		8250899C17C20E3A00A2FF14 /* CoreData.framework */ = {isa = PBXFileReference; lastKnownFileType = wrapper.framework; name = CoreData.framework; path = System/Library/Frameworks/CoreData.framework; sourceTree = SDKROOT; };
		82588E3317B3AEF100FA744F /* WHIFunction.h */ = {isa = PBXFileReference; fileEncoding = 4; lastKnownFileType = sourcecode.c.h; path = WHIFunction.h; sourceTree = "<group>"; };
		82588E3417B3AEF100FA744F /* WHIFunction.m */ = {isa = PBXFileReference; fileEncoding = 4; lastKnownFileType = sourcecode.c.objc; path = WHIFunction.m; sourceTree = "<group>"; };
		826D35B517AF9F9F00F74FE7 /* WHIEdgeSet.h */ = {isa = PBXFileReference; fileEncoding = 4; lastKnownFileType = sourcecode.c.h; path = WHIEdgeSet.h; sourceTree = "<group>"; };
		826D35B617AF9F9F00F74FE7 /* WHIEdgeSet.m */ = {isa = PBXFileReference; fileEncoding = 4; lastKnownFileType = sourcecode.c.objc; path = WHIEdgeSet.m; sourceTree = "<group>"; };
		8292CD9317AC0C7E00B0B678 /* WHIInvocation.h */ = {isa = PBXFileReference; fileEncoding = 4; lastKnownFileType = sourcecode.c.h; path = WHIInvocation.h; sourceTree = "<group>"; };
		8292CD9417AC0C7E00B0B678 /* WHIInvocation.m */ = {isa = PBXFileReference; fileEncoding = 4; lastKnownFileType = sourcecode.c.objc; path = WHIInvocation.m; sourceTree = "<group>"; };
		82932F0D17A26EAE009AC871 /* Whittle.app */ = {isa = PBXFileReference; explicitFileType = wrapper.application; includeInIndex = 0; path = Whittle.app; sourceTree = BUILT_PRODUCTS_DIR; };
		82932F1017A26EAE009AC871 /* UIKit.framework */ = {isa = PBXFileReference; lastKnownFileType = wrapper.framework; name = UIKit.framework; path = System/Library/Frameworks/UIKit.framework; sourceTree = SDKROOT; };
		82932F1217A26EAE009AC871 /* Foundation.framework */ = {isa = PBXFileReference; lastKnownFileType = wrapper.framework; name = Foundation.framework; path = System/Library/Frameworks/Foundation.framework; sourceTree = SDKROOT; };
		82932F1417A26EAE009AC871 /* CoreGraphics.framework */ = {isa = PBXFileReference; lastKnownFileType = wrapper.framework; name = CoreGraphics.framework; path = System/Library/Frameworks/CoreGraphics.framework; sourceTree = SDKROOT; };
		82932F1817A26EAE009AC871 /* Whittle-Info.plist */ = {isa = PBXFileReference; lastKnownFileType = text.plist.xml; path = "Whittle-Info.plist"; sourceTree = "<group>"; };
		82932F1A17A26EAE009AC871 /* en */ = {isa = PBXFileReference; lastKnownFileType = text.plist.strings; name = en; path = en.lproj/InfoPlist.strings; sourceTree = "<group>"; };
		82932F1C17A26EAE009AC871 /* main.m */ = {isa = PBXFileReference; lastKnownFileType = sourcecode.c.objc; path = main.m; sourceTree = "<group>"; };
		82932F1E17A26EAE009AC871 /* Whittle-Prefix.pch */ = {isa = PBXFileReference; lastKnownFileType = sourcecode.c.h; path = "Whittle-Prefix.pch"; sourceTree = "<group>"; };
		82932F1F17A26EAE009AC871 /* BENAppDelegate.h */ = {isa = PBXFileReference; lastKnownFileType = sourcecode.c.h; path = BENAppDelegate.h; sourceTree = "<group>"; };
		82932F2017A26EAE009AC871 /* BENAppDelegate.m */ = {isa = PBXFileReference; lastKnownFileType = sourcecode.c.objc; path = BENAppDelegate.m; sourceTree = "<group>"; };
		82932F2217A26EAE009AC871 /* Default.png */ = {isa = PBXFileReference; lastKnownFileType = image.png; path = Default.png; sourceTree = "<group>"; };
		82932F2417A26EAE009AC871 /* Default@2x.png */ = {isa = PBXFileReference; lastKnownFileType = image.png; path = "Default@2x.png"; sourceTree = "<group>"; };
		82932F2617A26EAE009AC871 /* Default-568h@2x.png */ = {isa = PBXFileReference; lastKnownFileType = image.png; path = "Default-568h@2x.png"; sourceTree = "<group>"; };
		82932F2817A26EAE009AC871 /* BENViewController.h */ = {isa = PBXFileReference; lastKnownFileType = sourcecode.c.h; path = BENViewController.h; sourceTree = "<group>"; };
		82932F2917A26EAE009AC871 /* BENViewController.m */ = {isa = PBXFileReference; lastKnownFileType = sourcecode.c.objc; path = BENViewController.m; sourceTree = "<group>"; };
		82932F2C17A26EAE009AC871 /* en */ = {isa = PBXFileReference; lastKnownFileType = file.xib; name = en; path = en.lproj/BENViewController.xib; sourceTree = "<group>"; };
		82932F3417A26EAE009AC871 /* SenTestingKit.framework */ = {isa = PBXFileReference; lastKnownFileType = wrapper.framework; name = SenTestingKit.framework; path = Library/Frameworks/SenTestingKit.framework; sourceTree = DEVELOPER_DIR; };
		82932F4117A26EAE009AC871 /* PathOperationTests.m */ = {isa = PBXFileReference; lastKnownFileType = sourcecode.c.objc; lineEnding = 0; name = PathOperationTests.m; path = ../WhittleTests/PathOperationTests.m; sourceTree = "<group>"; xcLanguageSpecificationIdentifier = xcode.lang.objc; };
		829787D017C0D44300AF9B4A /* WHIEdgeProtocols.h */ = {isa = PBXFileReference; lastKnownFileType = sourcecode.c.h; path = WHIEdgeProtocols.h; sourceTree = "<group>"; };
		829787D117C0D47100AF9B4A /* WHIEdge.h */ = {isa = PBXFileReference; fileEncoding = 4; lastKnownFileType = sourcecode.c.h; path = WHIEdge.h; sourceTree = "<group>"; };
		829787D217C0D47100AF9B4A /* WHIEdge.m */ = {isa = PBXFileReference; fileEncoding = 4; lastKnownFileType = sourcecode.c.objc; path = WHIEdge.m; sourceTree = "<group>"; };
		829787D417C0DA1400AF9B4A /* WHIWhittle.h */ = {isa = PBXFileReference; fileEncoding = 4; lastKnownFileType = sourcecode.c.h; lineEnding = 0; path = WHIWhittle.h; sourceTree = "<group>"; xcLanguageSpecificationIdentifier = xcode.lang.objcpp; };
		829787D517C0DA1400AF9B4A /* WHIWhittle.m */ = {isa = PBXFileReference; fileEncoding = 4; lastKnownFileType = sourcecode.c.objc; lineEnding = 0; path = WHIWhittle.m; sourceTree = "<group>"; xcLanguageSpecificationIdentifier = xcode.lang.objc; };
		8297E604195DC4500044D489 /* Whittle Tests.xctest */ = {isa = PBXFileReference; explicitFileType = wrapper.cfbundle; includeInIndex = 0; path = "Whittle Tests.xctest"; sourceTree = BUILT_PRODUCTS_DIR; };
		8297E605195DC4500044D489 /* XCTest.framework */ = {isa = PBXFileReference; lastKnownFileType = wrapper.framework; name = XCTest.framework; path = Library/Frameworks/XCTest.framework; sourceTree = DEVELOPER_DIR; };
		8297E60B195DC4500044D489 /* Whittle Tests-Info.plist */ = {isa = PBXFileReference; lastKnownFileType = text.plist.xml; path = "Whittle Tests-Info.plist"; sourceTree = "<group>"; };
		8297E60D195DC4500044D489 /* en */ = {isa = PBXFileReference; lastKnownFileType = text.plist.strings; name = en; path = en.lproj/InfoPlist.strings; sourceTree = "<group>"; };
		8297E611195DC4500044D489 /* Whittle Tests-Prefix.pch */ = {isa = PBXFileReference; lastKnownFileType = sourcecode.c.h; path = "Whittle Tests-Prefix.pch"; sourceTree = "<group>"; };
		82C193E61815467A00A62CB5 /* ParsingTests.m */ = {isa = PBXFileReference; fileEncoding = 4; lastKnownFileType = sourcecode.c.objc; lineEnding = 0; name = ParsingTests.m; path = ../WhittleTests/ParsingTests.m; sourceTree = "<group>"; xcLanguageSpecificationIdentifier = xcode.lang.objc; };
		82C8D8C7195DBCD700BF9C1F /* test.json */ = {isa = PBXFileReference; fileEncoding = 4; lastKnownFileType = text.json; name = test.json; path = ../WhittleTests/test.json; sourceTree = "<group>"; };
/* End PBXFileReference section */

/* Begin PBXFrameworksBuildPhase section */
		82932F0A17A26EAE009AC871 /* Frameworks */ = {
			isa = PBXFrameworksBuildPhase;
			buildActionMask = 2147483647;
			files = (
				82932F1117A26EAE009AC871 /* UIKit.framework in Frameworks */,
				82932F1317A26EAE009AC871 /* Foundation.framework in Frameworks */,
				82932F1517A26EAE009AC871 /* CoreGraphics.framework in Frameworks */,
			);
			runOnlyForDeploymentPostprocessing = 0;
		};
		8297E601195DC4500044D489 /* Frameworks */ = {
			isa = PBXFrameworksBuildPhase;
			buildActionMask = 2147483647;
			files = (
				8297E606195DC4500044D489 /* XCTest.framework in Frameworks */,
				8297E608195DC4500044D489 /* UIKit.framework in Frameworks */,
				8297E607195DC4500044D489 /* Foundation.framework in Frameworks */,
			);
			runOnlyForDeploymentPostprocessing = 0;
		};
/* End PBXFrameworksBuildPhase section */

/* Begin PBXGroup section */
		8201251517AC587600E582FD /* Controllers */ = {
			isa = PBXGroup;
			children = (
				82932F1F17A26EAE009AC871 /* BENAppDelegate.h */,
				82932F2017A26EAE009AC871 /* BENAppDelegate.m */,
				82932F2817A26EAE009AC871 /* BENViewController.h */,
				82932F2917A26EAE009AC871 /* BENViewController.m */,
				82932F2B17A26EAE009AC871 /* BENViewController.xib */,
			);
			name = Controllers;
			sourceTree = "<group>";
		};
		82932F0417A26EAE009AC871 = {
			isa = PBXGroup;
			children = (
				82932F1617A26EAE009AC871 /* Whittle */,
				8297E609195DC4500044D489 /* Whittle Tests */,
				82932F0F17A26EAE009AC871 /* Frameworks */,
				82932F0E17A26EAE009AC871 /* Products */,
			);
			sourceTree = "<group>";
		};
		82932F0E17A26EAE009AC871 /* Products */ = {
			isa = PBXGroup;
			children = (
				82932F0D17A26EAE009AC871 /* Whittle.app */,
				8297E604195DC4500044D489 /* Whittle Tests.xctest */,
			);
			name = Products;
			sourceTree = "<group>";
		};
		82932F0F17A26EAE009AC871 /* Frameworks */ = {
			isa = PBXGroup;
			children = (
				82932F1017A26EAE009AC871 /* UIKit.framework */,
				82932F1217A26EAE009AC871 /* Foundation.framework */,
				82932F1417A26EAE009AC871 /* CoreGraphics.framework */,
				82932F3417A26EAE009AC871 /* SenTestingKit.framework */,
				8297E605195DC4500044D489 /* XCTest.framework */,
			);
			name = Frameworks;
			sourceTree = "<group>";
		};
		82932F1617A26EAE009AC871 /* Whittle */ = {
			isa = PBXGroup;
			children = (
				8201251517AC587600E582FD /* Controllers */,
				82932F1717A26EAE009AC871 /* Supporting Files */,
				82C82BE117D134BC003A55F8 /* Whittle */,
			);
			path = Whittle;
			sourceTree = "<group>";
		};
		82932F1717A26EAE009AC871 /* Supporting Files */ = {
			isa = PBXGroup;
			children = (
				82932F1817A26EAE009AC871 /* Whittle-Info.plist */,
				82932F1917A26EAE009AC871 /* InfoPlist.strings */,
				82932F1C17A26EAE009AC871 /* main.m */,
				82932F1E17A26EAE009AC871 /* Whittle-Prefix.pch */,
				82932F2217A26EAE009AC871 /* Default.png */,
				82932F2417A26EAE009AC871 /* Default@2x.png */,
				82932F2617A26EAE009AC871 /* Default-568h@2x.png */,
			);
			name = "Supporting Files";
			sourceTree = "<group>";
		};
		8297E609195DC4500044D489 /* Whittle Tests */ = {
			isa = PBXGroup;
			children = (
				82C193E61815467A00A62CB5 /* ParsingTests.m */,
				82932F4117A26EAE009AC871 /* PathOperationTests.m */,
				82C193E8181546F100A62CB5 /* TODO: Core Data Testing */,
				82C8D8C7195DBCD700BF9C1F /* test.json */,
				8297E60A195DC4500044D489 /* Supporting Files */,
			);
			path = "Whittle Tests";
			sourceTree = "<group>";
		};
		8297E60A195DC4500044D489 /* Supporting Files */ = {
			isa = PBXGroup;
			children = (
				8297E60B195DC4500044D489 /* Whittle Tests-Info.plist */,
				8297E60C195DC4500044D489 /* InfoPlist.strings */,
				8297E611195DC4500044D489 /* Whittle Tests-Prefix.pch */,
			);
			name = "Supporting Files";
			sourceTree = "<group>";
		};
		82AC5749195DCD6700DEE12D /* Result objects */ = {
			isa = PBXGroup;
			children = (
				829787D017C0D44300AF9B4A /* WHIEdgeProtocols.h */,
				829787D117C0D47100AF9B4A /* WHIEdge.h */,
				829787D217C0D47100AF9B4A /* WHIEdge.m */,
				826D35B517AF9F9F00F74FE7 /* WHIEdgeSet.h */,
				826D35B617AF9F9F00F74FE7 /* WHIEdgeSet.m */,
			);
			name = "Result objects";
			sourceTree = "<group>";
		};
		82AC574A195DF63B00DEE12D /* Parsing additions */ = {
			isa = PBXGroup;
			children = (
				824D1A2317D4C8E900E6A1B3 /* NSScanner+WhittleAdditions.h */,
				824D1A2417D4C8E900E6A1B3 /* NSScanner+WhittleAdditions.m */,
			);
			name = "Parsing additions";
			sourceTree = "<group>";
		};
		82C193E8181546F100A62CB5 /* TODO: Core Data Testing */ = {
			isa = PBXGroup;
			children = (
				8250899917C20E0500A2FF14 /* WHITestModel.h */,
				8250899A17C20E0500A2FF14 /* WHITestModel.m */,
				8250899617C20D5100A2FF14 /* testModel.xcdatamodeld */,
				82418AB517D6401100404E68 /* WHTElement.h */,
				82418AB617D6401100404E68 /* WHTElement.m */,
				82418AB217D6401100404E68 /* WHTCollection.h */,
				82418AB317D6401100404E68 /* WHTCollection.m */,
				8250899C17C20E3A00A2FF14 /* CoreData.framework */,
			);
			name = "TODO: Core Data Testing";
			path = ../WhittleTests;
			sourceTree = "<group>";
		};
		82C82BE117D134BC003A55F8 /* Whittle */ = {
			isa = PBXGroup;
			children = (
				82AC5749195DCD6700DEE12D /* Result objects */,
				82588E3317B3AEF100FA744F /* WHIFunction.h */,
				82588E3417B3AEF100FA744F /* WHIFunction.m */,
				8292CD9317AC0C7E00B0B678 /* WHIInvocation.h */,
				8292CD9417AC0C7E00B0B678 /* WHIInvocation.m */,
				829787D417C0DA1400AF9B4A /* WHIWhittle.h */,
				829787D517C0DA1400AF9B4A /* WHIWhittle.m */,
				82AC574A195DF63B00DEE12D /* Parsing additions */,
			);
			name = Whittle;
			sourceTree = "<group>";
		};
/* End PBXGroup section */

/* Begin PBXNativeTarget section */
		82932F0C17A26EAE009AC871 /* Whittle */ = {
			isa = PBXNativeTarget;
			buildConfigurationList = 82932F4517A26EAE009AC871 /* Build configuration list for PBXNativeTarget "Whittle" */;
			buildPhases = (
				82932F0917A26EAE009AC871 /* Sources */,
				82932F0A17A26EAE009AC871 /* Frameworks */,
				82932F0B17A26EAE009AC871 /* Resources */,
			);
			buildRules = (
			);
			dependencies = (
			);
			name = Whittle;
			productName = JSONPath;
			productReference = 82932F0D17A26EAE009AC871 /* Whittle.app */;
			productType = "com.apple.product-type.application";
		};
		8297E603195DC4500044D489 /* Whittle Tests */ = {
			isa = PBXNativeTarget;
			buildConfigurationList = 8297E614195DC4500044D489 /* Build configuration list for PBXNativeTarget "Whittle Tests" */;
			buildPhases = (
				8297E600195DC4500044D489 /* Sources */,
				8297E601195DC4500044D489 /* Frameworks */,
				8297E602195DC4500044D489 /* Resources */,
			);
			buildRules = (
			);
			dependencies = (
				8297E613195DC4500044D489 /* PBXTargetDependency */,
			);
			name = "Whittle Tests";
			productName = "Whittle Tests";
			productReference = 8297E604195DC4500044D489 /* Whittle Tests.xctest */;
			productType = "com.apple.product-type.bundle.unit-test";
		};
/* End PBXNativeTarget section */

/* Begin PBXProject section */
		82932F0517A26EAE009AC871 /* Project object */ = {
			isa = PBXProject;
			attributes = {
				CLASSPREFIX = WHI;
				LastTestingUpgradeCheck = 0510;
				LastUpgradeCheck = 0460;
				ORGANIZATIONNAME = "Benedict Cohen";
				TargetAttributes = {
					8297E603195DC4500044D489 = {
						TestTargetID = 82932F0C17A26EAE009AC871;
					};
				};
			};
			buildConfigurationList = 82932F0817A26EAE009AC871 /* Build configuration list for PBXProject "Whittle" */;
			compatibilityVersion = "Xcode 3.2";
			developmentRegion = English;
			hasScannedForEncodings = 0;
			knownRegions = (
				en,
			);
			mainGroup = 82932F0417A26EAE009AC871;
			productRefGroup = 82932F0E17A26EAE009AC871 /* Products */;
			projectDirPath = "";
			projectRoot = "";
			targets = (
				82932F0C17A26EAE009AC871 /* Whittle */,
				8297E603195DC4500044D489 /* Whittle Tests */,
			);
		};
/* End PBXProject section */

/* Begin PBXResourcesBuildPhase section */
		82932F0B17A26EAE009AC871 /* Resources */ = {
			isa = PBXResourcesBuildPhase;
			buildActionMask = 2147483647;
			files = (
				82932F1B17A26EAE009AC871 /* InfoPlist.strings in Resources */,
				82932F2317A26EAE009AC871 /* Default.png in Resources */,
				82932F2517A26EAE009AC871 /* Default@2x.png in Resources */,
				82932F2717A26EAE009AC871 /* Default-568h@2x.png in Resources */,
				82932F2D17A26EAE009AC871 /* BENViewController.xib in Resources */,
				82C8D8C9195DBF0900BF9C1F /* test.json in Resources */,
			);
			runOnlyForDeploymentPostprocessing = 0;
		};
		8297E602195DC4500044D489 /* Resources */ = {
			isa = PBXResourcesBuildPhase;
			buildActionMask = 2147483647;
			files = (
				8297E60E195DC4500044D489 /* InfoPlist.strings in Resources */,
			);
			runOnlyForDeploymentPostprocessing = 0;
		};
/* End PBXResourcesBuildPhase section */

/* Begin PBXSourcesBuildPhase section */
		82932F0917A26EAE009AC871 /* Sources */ = {
			isa = PBXSourcesBuildPhase;
			buildActionMask = 2147483647;
			files = (
				82932F1D17A26EAE009AC871 /* main.m in Sources */,
				82932F2117A26EAE009AC871 /* BENAppDelegate.m in Sources */,
				82932F2A17A26EAE009AC871 /* BENViewController.m in Sources */,
				8292CD9517AC0C7E00B0B678 /* WHIInvocation.m in Sources */,
				826D35B717AF9F9F00F74FE7 /* WHIEdgeSet.m in Sources */,
				82588E3517B3AEF100FA744F /* WHIFunction.m in Sources */,
				824D1A2517D4C8E900E6A1B3 /* NSScanner+WhittleAdditions.m in Sources */,
				829787D317C0D47100AF9B4A /* WHIEdge.m in Sources */,
				829787D617C0DA1400AF9B4A /* WHIWhittle.m in Sources */,
			);
			runOnlyForDeploymentPostprocessing = 0;
		};
		8297E600195DC4500044D489 /* Sources */ = {
			isa = PBXSourcesBuildPhase;
			buildActionMask = 2147483647;
			files = (
				8297E618195DC47C0044D489 /* PathOperationTests.m in Sources */,
				8297E617195DC47C0044D489 /* ParsingTests.m in Sources */,
			);
			runOnlyForDeploymentPostprocessing = 0;
		};
/* End PBXSourcesBuildPhase section */

/* Begin PBXTargetDependency section */
		8297E613195DC4500044D489 /* PBXTargetDependency */ = {
			isa = PBXTargetDependency;
			target = 82932F0C17A26EAE009AC871 /* Whittle */;
			targetProxy = 8297E612195DC4500044D489 /* PBXContainerItemProxy */;
		};
/* End PBXTargetDependency section */

/* Begin PBXVariantGroup section */
		82932F1917A26EAE009AC871 /* InfoPlist.strings */ = {
			isa = PBXVariantGroup;
			children = (
				82932F1A17A26EAE009AC871 /* en */,
			);
			name = InfoPlist.strings;
			sourceTree = "<group>";
		};
		82932F2B17A26EAE009AC871 /* BENViewController.xib */ = {
			isa = PBXVariantGroup;
			children = (
				82932F2C17A26EAE009AC871 /* en */,
			);
			name = BENViewController.xib;
			sourceTree = "<group>";
		};
		8297E60C195DC4500044D489 /* InfoPlist.strings */ = {
			isa = PBXVariantGroup;
			children = (
				8297E60D195DC4500044D489 /* en */,
			);
			name = InfoPlist.strings;
			sourceTree = "<group>";
		};
/* End PBXVariantGroup section */

/* Begin XCBuildConfiguration section */
		82932F4317A26EAE009AC871 /* Debug */ = {
			isa = XCBuildConfiguration;
			buildSettings = {
				ALWAYS_SEARCH_USER_PATHS = NO;
				CLANG_CXX_LANGUAGE_STANDARD = "gnu++0x";
				CLANG_CXX_LIBRARY = "libc++";
				CLANG_ENABLE_OBJC_ARC = YES;
				CLANG_WARN_CONSTANT_CONVERSION = YES;
				CLANG_WARN_EMPTY_BODY = YES;
				CLANG_WARN_ENUM_CONVERSION = YES;
				CLANG_WARN_INT_CONVERSION = YES;
				CLANG_WARN__DUPLICATE_METHOD_MATCH = YES;
				"CODE_SIGN_IDENTITY[sdk=iphoneos*]" = "iPhone Developer";
				COPY_PHASE_STRIP = NO;
				GCC_C_LANGUAGE_STANDARD = gnu99;
				GCC_DYNAMIC_NO_PIC = NO;
				GCC_OPTIMIZATION_LEVEL = 0;
				GCC_PREPROCESSOR_DEFINITIONS = (
					"DEBUG=1",
					"$(inherited)",
				);
				GCC_SYMBOLS_PRIVATE_EXTERN = NO;
				GCC_WARN_ABOUT_RETURN_TYPE = YES;
				GCC_WARN_UNINITIALIZED_AUTOS = YES;
				GCC_WARN_UNUSED_VARIABLE = YES;
				IPHONEOS_DEPLOYMENT_TARGET = 6.1;
				ONLY_ACTIVE_ARCH = YES;
				SDKROOT = iphoneos;
			};
			name = Debug;
		};
		82932F4417A26EAE009AC871 /* Release */ = {
			isa = XCBuildConfiguration;
			buildSettings = {
				ALWAYS_SEARCH_USER_PATHS = NO;
				CLANG_CXX_LANGUAGE_STANDARD = "gnu++0x";
				CLANG_CXX_LIBRARY = "libc++";
				CLANG_ENABLE_OBJC_ARC = YES;
				CLANG_WARN_CONSTANT_CONVERSION = YES;
				CLANG_WARN_EMPTY_BODY = YES;
				CLANG_WARN_ENUM_CONVERSION = YES;
				CLANG_WARN_INT_CONVERSION = YES;
				CLANG_WARN__DUPLICATE_METHOD_MATCH = YES;
				"CODE_SIGN_IDENTITY[sdk=iphoneos*]" = "iPhone Developer";
				COPY_PHASE_STRIP = YES;
				GCC_C_LANGUAGE_STANDARD = gnu99;
				GCC_WARN_ABOUT_RETURN_TYPE = YES;
				GCC_WARN_UNINITIALIZED_AUTOS = YES;
				GCC_WARN_UNUSED_VARIABLE = YES;
				IPHONEOS_DEPLOYMENT_TARGET = 6.1;
				OTHER_CFLAGS = "-DNS_BLOCK_ASSERTIONS=1";
				SDKROOT = iphoneos;
				VALIDATE_PRODUCT = YES;
			};
			name = Release;
		};
		82932F4617A26EAE009AC871 /* Debug */ = {
			isa = XCBuildConfiguration;
			buildSettings = {
				GCC_PRECOMPILE_PREFIX_HEADER = YES;
				GCC_PREFIX_HEADER = "Whittle/Whittle-Prefix.pch";
				INFOPLIST_FILE = "Whittle/Whittle-Info.plist";
				PRODUCT_NAME = Whittle;
				WRAPPER_EXTENSION = app;
			};
			name = Debug;
		};
		82932F4717A26EAE009AC871 /* Release */ = {
			isa = XCBuildConfiguration;
			buildSettings = {
				GCC_PRECOMPILE_PREFIX_HEADER = YES;
				GCC_PREFIX_HEADER = "Whittle/Whittle-Prefix.pch";
				INFOPLIST_FILE = "Whittle/Whittle-Info.plist";
				PRODUCT_NAME = Whittle;
				WRAPPER_EXTENSION = app;
			};
			name = Release;
		};
		8297E615195DC4500044D489 /* Debug */ = {
			isa = XCBuildConfiguration;
			buildSettings = {
				BUNDLE_LOADER = "$(BUILT_PRODUCTS_DIR)/Whittle.app/Whittle";
				CLANG_ENABLE_MODULES = YES;
				CLANG_WARN_BOOL_CONVERSION = YES;
				CLANG_WARN_DIRECT_OBJC_ISA_USAGE = YES_ERROR;
				CLANG_WARN_OBJC_ROOT_CLASS = YES_ERROR;
				FRAMEWORK_SEARCH_PATHS = (
					"$(SDKROOT)/Developer/Library/Frameworks",
					"$(inherited)",
					"$(DEVELOPER_FRAMEWORKS_DIR)",
				);
				GCC_PRECOMPILE_PREFIX_HEADER = YES;
				GCC_PREFIX_HEADER = "Whittle Tests/Whittle Tests-Prefix.pch";
				GCC_PREPROCESSOR_DEFINITIONS = (
					"DEBUG=1",
					"$(inherited)",
				);
				GCC_WARN_64_TO_32_BIT_CONVERSION = YES;
				GCC_WARN_ABOUT_RETURN_TYPE = YES_ERROR;
				GCC_WARN_UNDECLARED_SELECTOR = YES;
				GCC_WARN_UNINITIALIZED_AUTOS = YES_AGGRESSIVE;
				GCC_WARN_UNUSED_FUNCTION = YES;
				INFOPLIST_FILE = "Whittle Tests/Whittle Tests-Info.plist";
				IPHONEOS_DEPLOYMENT_TARGET = 7.1;
				PRODUCT_NAME = "$(TARGET_NAME)";
				TEST_HOST = "$(BUNDLE_LOADER)";
				WRAPPER_EXTENSION = xctest;
			};
			name = Debug;
		};
		8297E616195DC4500044D489 /* Release */ = {
			isa = XCBuildConfiguration;
			buildSettings = {
				BUNDLE_LOADER = "$(BUILT_PRODUCTS_DIR)/Whittle.app/Whittle";
				CLANG_ENABLE_MODULES = YES;
				CLANG_WARN_BOOL_CONVERSION = YES;
				CLANG_WARN_DIRECT_OBJC_ISA_USAGE = YES_ERROR;
				CLANG_WARN_OBJC_ROOT_CLASS = YES_ERROR;
				ENABLE_NS_ASSERTIONS = NO;
				FRAMEWORK_SEARCH_PATHS = (
					"$(SDKROOT)/Developer/Library/Frameworks",
					"$(inherited)",
					"$(DEVELOPER_FRAMEWORKS_DIR)",
				);
				GCC_PRECOMPILE_PREFIX_HEADER = YES;
				GCC_PREFIX_HEADER = "Whittle Tests/Whittle Tests-Prefix.pch";
				GCC_WARN_64_TO_32_BIT_CONVERSION = YES;
				GCC_WARN_ABOUT_RETURN_TYPE = YES_ERROR;
				GCC_WARN_UNDECLARED_SELECTOR = YES;
				GCC_WARN_UNINITIALIZED_AUTOS = YES_AGGRESSIVE;
				GCC_WARN_UNUSED_FUNCTION = YES;
				INFOPLIST_FILE = "Whittle Tests/Whittle Tests-Info.plist";
				IPHONEOS_DEPLOYMENT_TARGET = 7.1;
				PRODUCT_NAME = "$(TARGET_NAME)";
				TEST_HOST = "$(BUNDLE_LOADER)";
				WRAPPER_EXTENSION = xctest;
			};
			name = Release;
		};
/* End XCBuildConfiguration section */

/* Begin XCConfigurationList section */
		82932F0817A26EAE009AC871 /* Build configuration list for PBXProject "Whittle" */ = {
			isa = XCConfigurationList;
			buildConfigurations = (
				82932F4317A26EAE009AC871 /* Debug */,
				82932F4417A26EAE009AC871 /* Release */,
			);
			defaultConfigurationIsVisible = 0;
			defaultConfigurationName = Release;
		};
		82932F4517A26EAE009AC871 /* Build configuration list for PBXNativeTarget "Whittle" */ = {
			isa = XCConfigurationList;
			buildConfigurations = (
				82932F4617A26EAE009AC871 /* Debug */,
				82932F4717A26EAE009AC871 /* Release */,
			);
			defaultConfigurationIsVisible = 0;
			defaultConfigurationName = Release;
		};
		8297E614195DC4500044D489 /* Build configuration list for PBXNativeTarget "Whittle Tests" */ = {
			isa = XCConfigurationList;
			buildConfigurations = (
				8297E615195DC4500044D489 /* Debug */,
				8297E616195DC4500044D489 /* Release */,
			);
			defaultConfigurationIsVisible = 0;
			defaultConfigurationName = Release;
		};
/* End XCConfigurationList section */

/* Begin XCVersionGroup section */
		8250899617C20D5100A2FF14 /* testModel.xcdatamodeld */ = {
			isa = XCVersionGroup;
			children = (
				8250899717C20D5100A2FF14 /* testModel.xcdatamodel */,
			);
			currentVersion = 8250899717C20D5100A2FF14 /* testModel.xcdatamodel */;
			path = testModel.xcdatamodeld;
			sourceTree = "<group>";
			versionGroupType = wrapper.xcdatamodel;
		};
/* End XCVersionGroup section */
	};
	rootObject = 82932F0517A26EAE009AC871 /* Project object */;
}
